
Microsoft Visual Studio Solution File, Format Version 12.00
# Visual Studio Version 17
VisualStudioVersion = 17.3.32901.215
MinimumVisualStudioVersion = 10.0.40219.1
Project("{FAE04EC0-301F-11D3-BF4B-00C04F79EFBC}") = "MVcInterview", "MVcInterview\MVcInterview.csproj", "{3C7EE05D-691F-4E4A-8C26-F613DCDA368F}"
EndProject
Global
	GlobalSection(SolutionConfigurationPlatforms) = preSolution
		Debug|Any CPU = Debug|Any CPU
		Release|Any CPU = Release|Any CPU
	EndGlobalSection
	GlobalSection(ProjectConfigurationPlatforms) = postSolution
		{3C7EE05D-691F-4E4A-8C26-F613DCDA368F}.Debug|Any CPU.ActiveCfg = Debug|Any CPU
		{3C7EE05D-691F-4E4A-8C26-F613DCDA368F}.Debug|Any CPU.Build.0 = Debug|Any CPU
		{3C7EE05D-691F-4E4A-8C26-F613DCDA368F}.Release|Any CPU.ActiveCfg = Release|Any CPU
		{3C7EE05D-691F-4E4A-8C26-F613DCDA368F}.Release|Any CPU.Build.0 = Release|Any CPU
	EndGlobalSection
	GlobalSection(SolutionProperties) = preSolution
		HideSolutionNode = FALSE
	EndGlobalSection
	GlobalSection(ExtensibilityGlobals) = postSolution
		SolutionGuid = {5D550B14-59D1-439C-A76C-87FD5C58378B}
	EndGlobalSection
EndGlobal
